
Microsoft Visual Studio Solution File, Format Version 12.00
# Visual Studio 15
VisualStudioVersion = 15.0.28010.2050
MinimumVisualStudioVersion = 10.0.40219.1
Project("{FAE04EC0-301F-11D3-BF4B-00C04F79EFBC}") = "Test", "Test\Test.csproj", "{07130157-942E-4142-A537-F879CFB08493}"
EndProject
Project("{FAE04EC0-301F-11D3-BF4B-00C04F79EFBC}") = "SmtpSSL", "SmtpSSL\SmtpSSL.csproj", "{20456B8F-0A2A-43AB-8871-4C3179BCAEC3}"
EndProject
Global
	GlobalSection(SolutionConfigurationPlatforms) = preSolution
		Debug|Any CPU = Debug|Any CPU
		Debug|x86 = Debug|x86
		Release|Any CPU = Release|Any CPU
		Release|x86 = Release|x86
	EndGlobalSection
	GlobalSection(ProjectConfigurationPlatforms) = postSolution
		{07130157-942E-4142-A537-F879CFB08493}.Debug|Any CPU.ActiveCfg = Debug|Any CPU
		{07130157-942E-4142-A537-F879CFB08493}.Debug|Any CPU.Build.0 = Debug|Any CPU
		{07130157-942E-4142-A537-F879CFB08493}.Debug|x86.ActiveCfg = Debug|Any CPU
		{07130157-942E-4142-A537-F879CFB08493}.Debug|x86.Build.0 = Debug|Any CPU
		{07130157-942E-4142-A537-F879CFB08493}.Release|Any CPU.ActiveCfg = Release|Any CPU
		{07130157-942E-4142-A537-F879CFB08493}.Release|Any CPU.Build.0 = Release|Any CPU
		{07130157-942E-4142-A537-F879CFB08493}.Release|x86.ActiveCfg = Release|Any CPU
		{07130157-942E-4142-A537-F879CFB08493}.Release|x86.Build.0 = Release|Any CPU
		{20456B8F-0A2A-43AB-8871-4C3179BCAEC3}.Debug|Any CPU.ActiveCfg = Debug|Any CPU
		{20456B8F-0A2A-43AB-8871-4C3179BCAEC3}.Debug|Any CPU.Build.0 = Debug|Any CPU
		{20456B8F-0A2A-43AB-8871-4C3179BCAEC3}.Debug|x86.ActiveCfg = Debug|Any CPU
		{20456B8F-0A2A-43AB-8871-4C3179BCAEC3}.Debug|x86.Build.0 = Debug|Any CPU
		{20456B8F-0A2A-43AB-8871-4C3179BCAEC3}.Release|Any CPU.ActiveCfg = Release|Any CPU
		{20456B8F-0A2A-43AB-8871-4C3179BCAEC3}.Release|Any CPU.Build.0 = Release|Any CPU
		{20456B8F-0A2A-43AB-8871-4C3179BCAEC3}.Release|x86.ActiveCfg = Release|Any CPU
		{20456B8F-0A2A-43AB-8871-4C3179BCAEC3}.Release|x86.Build.0 = Release|Any CPU
	EndGlobalSection
	GlobalSection(SolutionProperties) = preSolution
		HideSolutionNode = FALSE
	EndGlobalSection
	GlobalSection(ExtensibilityGlobals) = postSolution
		SolutionGuid = {68418233-CA2F-427E-99AA-845A72E19CCE}
	EndGlobalSection
EndGlobal
